# This file was autogenerated by Stack.
# You should not edit this file by hand.
# For more information, please see the documentation at:
#   https://docs.haskellstack.org/en/stable/lock_files

packages:
- completed:
    hackage: req-3.0.0@sha256:90dda034a27bcf81e3b08b29909d725b2c9a81830c6d18f7b26ca76ab79bd13a,4800
    pantry-tree:
      size: 712
      sha256: b91b53a8fc4e9dad39d376201bcaa1f310c6c7b60e322d66abd051e5dba8db91
  original:
    hackage: req-3.0.0
snapshots:
- completed:
    size: 524162
    url: https://raw.githubusercontent.com/commercialhaskell/stackage-snapshots/master/lts/14/21.yaml
    sha256: 9a55dd75853718f2bbbe951872b36a3b7802fcd71796e0f25b8664f24e34c666
  original: lts-14.21
